github.com/jackpal/bencode-go v1.0.2 h1:LcCNfZ344u0LpBPOZNjpCLps/wUOuN4r87Fy9+5yU8g=
github.com/jackpal/bencode-go v1.0.2/go.mod h1:6jI9mUjO3GQbZti3JizEfxTzRfWOM8oBBcwbwlTfceI=
golang.org/x/crypto v0.32.0 h1:euUpcYgM8WcP71gNpTqQCn6rC2t6ULUPiOzfWaXVVfc=
golang.org/x/crypto v0.32.0/go.mod h1:ZnnJkOaASj8g0AjIduWNlq2NRxL0PlBrbKVyZ6V/Ugc=
golang.org/x/net v0.21.0 h1:AQyQV4dYCvJ7vGmJyKki9+PBdyvhkSd8EIx/qb0AYv4=
golang.org/x/net v0.21.0/go.mod h1:bIjVDfnllIU7BJ2DNgfnXvpSvtn8VRwhlsaeUTyUS44=
golang.org/x/text v0.21.0 h1:zyQAAkrwaneQ066sspRyJaG9VNi/YJ1NfzcGB3hZ/qo=
golang.org/x/text v0.21.0/go.mod h1:4IBbMaMmOPCJ8SecivzSH54+73PCFmPWxNTLm+vZkEQ=
